
Microsoft Visual Studio Solution File, Format Version 12.00
# Visual Studio 15
VisualStudioVersion = 15.0.28307.572
MinimumVisualStudioVersion = 10.0.40219.1
Project("{9A19103F-16F7-4668-BE54-9A1E7A4F7556}") = "CodeSample", "CodeSample\CodeSample.csproj", "{C4A9D816-73C4-4A4D-9479-DFCAB5B48C67}"
EndProject
Project("{9A19103F-16F7-4668-BE54-9A1E7A4F7556}") = "CodeWebSample", "CodeWebSample\CodeWebSample.csproj", "{F557947A-25F6-4C06-B3C6-B383FC0084DD}"
EndProject
Project("{FAE04EC0-301F-11D3-BF4B-00C04F79EFBC}") = "EventSourcing", "EventSourcing\EventSourcing.csproj", "{5FDD6E6C-6857-4FE5-8ADF-3B18351E82EE}"
EndProject
Global
	GlobalSection(SolutionConfigurationPlatforms) = preSolution
		Debug|Any CPU = Debug|Any CPU
		Release|Any CPU = Release|Any CPU
	EndGlobalSection
	GlobalSection(ProjectConfigurationPlatforms) = postSolution
		{C4A9D816-73C4-4A4D-9479-DFCAB5B48C67}.Debug|Any CPU.ActiveCfg = Debug|Any CPU
		{C4A9D816-73C4-4A4D-9479-DFCAB5B48C67}.Debug|Any CPU.Build.0 = Debug|Any CPU
		{C4A9D816-73C4-4A4D-9479-DFCAB5B48C67}.Release|Any CPU.ActiveCfg = Release|Any CPU
		{C4A9D816-73C4-4A4D-9479-DFCAB5B48C67}.Release|Any CPU.Build.0 = Release|Any CPU
		{F557947A-25F6-4C06-B3C6-B383FC0084DD}.Debug|Any CPU.ActiveCfg = Debug|Any CPU
		{F557947A-25F6-4C06-B3C6-B383FC0084DD}.Debug|Any CPU.Build.0 = Debug|Any CPU
		{F557947A-25F6-4C06-B3C6-B383FC0084DD}.Release|Any CPU.ActiveCfg = Release|Any CPU
		{F557947A-25F6-4C06-B3C6-B383FC0084DD}.Release|Any CPU.Build.0 = Release|Any CPU
		{5FDD6E6C-6857-4FE5-8ADF-3B18351E82EE}.Debug|Any CPU.ActiveCfg = Debug|Any CPU
		{5FDD6E6C-6857-4FE5-8ADF-3B18351E82EE}.Debug|Any CPU.Build.0 = Debug|Any CPU
		{5FDD6E6C-6857-4FE5-8ADF-3B18351E82EE}.Release|Any CPU.ActiveCfg = Release|Any CPU
		{5FDD6E6C-6857-4FE5-8ADF-3B18351E82EE}.Release|Any CPU.Build.0 = Release|Any CPU
	EndGlobalSection
	GlobalSection(SolutionProperties) = preSolution
		HideSolutionNode = FALSE
	EndGlobalSection
	GlobalSection(ExtensibilityGlobals) = postSolution
		SolutionGuid = {F7061D63-FD0B-4483-978C-1A5C5B6E9CC7}
	EndGlobalSection
EndGlobal
